
Microsoft Visual Studio Solution File, Format Version 12.00
# Visual Studio Version 17
VisualStudioVersion = 17.3.32922.545
MinimumVisualStudioVersion = 10.0.40219.1
Project("{FAE04EC0-301F-11D3-BF4B-00C04F79EFBC}") = "MelikeArslan_211103031", "MelikeArslan_211103031\MelikeArslan_211103031.csproj", "{61AF4285-9B7B-42B9-A81F-5F7682C43AEB}"
EndProject
Global
	GlobalSection(SolutionConfigurationPlatforms) = preSolution
		Debug|Any CPU = Debug|Any CPU
		Release|Any CPU = Release|Any CPU
	EndGlobalSection
	GlobalSection(ProjectConfigurationPlatforms) = postSolution
		{61AF4285-9B7B-42B9-A81F-5F7682C43AEB}.Debug|Any CPU.ActiveCfg = Debug|Any CPU
		{61AF4285-9B7B-42B9-A81F-5F7682C43AEB}.Debug|Any CPU.Build.0 = Debug|Any CPU
		{61AF4285-9B7B-42B9-A81F-5F7682C43AEB}.Release|Any CPU.ActiveCfg = Release|Any CPU
		{61AF4285-9B7B-42B9-A81F-5F7682C43AEB}.Release|Any CPU.Build.0 = Release|Any CPU
	EndGlobalSection
	GlobalSection(SolutionProperties) = preSolution
		HideSolutionNode = FALSE
	EndGlobalSection
	GlobalSection(ExtensibilityGlobals) = postSolution
		SolutionGuid = {B4688ADB-EA51-4AD9-9D8E-0ECB52B6758B}
	EndGlobalSection
EndGlobal
